<?xml version="1.0" encoding="utf-8"?>
<Project ToolsVersion="14.0" xmlns="http://schemas.microsoft.com/developer/msbuild/2003">
  <ItemGroup>
    <Filter Include="Common">
      <UniqueIdentifier>f0499445-69ab-4fcc-8a94-a466259f23cd</UniqueIdentifier>
    </Filter>
    <Filter Include="Assets">
      <UniqueIdentifier>c3b6d52a-49f9-4b88-89c3-07ee9c2a8220</UniqueIdentifier>
      <Extensions>bmp;fbx;gif;jpg;jpeg;tga;tiff;tif;png</Extensions>
    </Filter>
    <Filter Include="Model">
      <UniqueIdentifier>{5a3e86a3-3796-4053-b313-ac590bda9ab4}</UniqueIdentifier>
    </Filter>
    <Filter Include="ViewModel">
      <UniqueIdentifier>{d78cdf83-091c-4259-937e-8f9df81e6f98}</UniqueIdentifier>
    </Filter>
  </ItemGroup>
  <ItemGroup>
    <ApplicationDefinition Include="App.xaml" />
  </ItemGroup>
  <ItemGroup>
    <ClCompile Include="App.xaml.cpp" />
    <ClCompile Include="MainPage.xaml.cpp" />
    <ClCompile Include="pch.cpp" />
    <ClCompile Include="BindableBase.cpp">
      <Filter>Common</Filter>
    </ClCompile>
    <ClCompile Include="Person.cpp">
      <Filter>Model</Filter>
    </ClCompile>
    <ClCompile Include="SecondPage.xaml.cpp" />
    <ClCompile Include="MainViewModel.cpp">
      <Filter>ViewModel</Filter>
    </ClCompile>
    <ClCompile Include="ViewModelLocator.cpp">
      <Filter>ViewModel</Filter>
    </ClCompile>
    <ClCompile Include="NavigationService.cpp">
      <Filter>Common</Filter>
    </ClCompile>
    <ClCompile Include="RelayCommand.cpp">
      <Filter>Common</Filter>
    </ClCompile>
  </ItemGroup>
  <ItemGroup>
    <ClInclude Include="pch.h" />
    <ClInclude Include="App.xaml.h" />
    <ClInclude Include="MainPage.xaml.h" />
    <ClInclude Include="BindableBase.h">
      <Filter>Common</Filter>
    </ClInclude>
    <ClInclude Include="Person.h">
      <Filter>Model</Filter>
    </ClInclude>
    <ClInclude Include="SecondPage.xaml.h" />
    <ClInclude Include="MainViewModel.h">
      <Filter>ViewModel</Filter>
    </ClInclude>
    <ClInclude Include="ViewModelLocator.h">
      <Filter>ViewModel</Filter>
    </ClInclude>
    <ClInclude Include="NavigationService.h">
      <Filter>Common</Filter>
    </ClInclude>
    <ClInclude Include="RelayCommand.h">
      <Filter>Common</Filter>
    </ClInclude>
    <ClInclude Include="PageType.h">
      <Filter>Common</Filter>
    </ClInclude>
  </ItemGroup>
  <ItemGroup>
    <Image Include="Assets\LockScreenLogo.scale-200.png">
      <Filter>Assets</Filter>
    </Image>
    <Image Include="Assets\SplashScreen.scale-200.png">
      <Filter>Assets</Filter>
    </Image>
    <Image Include="Assets\Square150x150Logo.scale-200.png">
      <Filter>Assets</Filter>
    </Image>
    <Image Include="Assets\Square44x44Logo.scale-200.png">
      <Filter>Assets</Filter>
    </Image>
    <Image Include="Assets\Square44x44Logo.targetsize-24_altform-unplated.png">
      <Filter>Assets</Filter>
    </Image>
    <Image Include="Assets\StoreLogo.png">
      <Filter>Assets</Filter>
    </Image>
    <Image Include="Assets\Wide310x150Logo.scale-200.png">
      <Filter>Assets</Filter>
    </Image>
  </ItemGroup>
  <ItemGroup>
    <AppxManifest Include="Package.appxmanifest" />
  </ItemGroup>
  <ItemGroup>
    <None Include="MVVM_CX_TemporaryKey.pfx" />
    <None Include="packages.config" />
  </ItemGroup>
  <ItemGroup>
    <Page Include="MainPage.xaml" />
    <Page Include="SecondPage.xaml" />
  </ItemGroup>
</Project>